# This file is automatically @generated by Cargo.
# It is not intended for manual editing.
[[package]]
name = "autocfg"
version = "1.0.0"
source = "registry+https://github.com/rust-lang/crates.io-index"
checksum = "f8aac770f1885fd7e387acedd76065302551364496e46b3dd00860b2f8359b9d"

[[package]]
name = "fixedbitset"
version = "0.2.0"
source = "registry+https://github.com/rust-lang/crates.io-index"
checksum = "37ab347416e802de484e4d03c7316c48f1ecb56574dfd4a46a80f173ce1de04d"

[[package]]
name = "hashbrown"
version = "0.8.1"
source = "registry+https://github.com/rust-lang/crates.io-index"
checksum = "34f595585f103464d8d2f6e9864682d74c1601fed5e07d62b1c9058dba8246fb"
dependencies = [
 "autocfg",
]

[[package]]
name = "indexmap"
version = "1.5.0"
source = "registry+https://github.com/rust-lang/crates.io-index"
checksum = "5b88cd59ee5f71fea89a62248fc8f387d44400cefe05ef548466d61ced9029a7"
dependencies = [
 "autocfg",
 "hashbrown",
]

[[package]]
name = "petgraph"
version = "0.5.1"
source = "registry+https://github.com/rust-lang/crates.io-index"
checksum = "467d164a6de56270bd7c4d070df81d07beace25012d5103ced4e9ff08d6afdb7"
dependencies = [
 "fixedbitset",
 "indexmap",
]

[[package]]
name = "scc-rust"
version = "0.1.0"
dependencies = [
 "petgraph",
]
